// !$*UTF8*$!
{
	archiveVersion = 1;
	classes = {
	};
	objectVersion = 46;
	objects = {

/* Begin PBXBuildFile section */
		02F1362A1C3308B700C8E00E /* AppDelegate.swift in Sources */ = {isa = PBXBuildFile; fileRef = 02F136291C3308B700C8E00E /* AppDelegate.swift */; };
		02F1362C1C3308B700C8E00E /* ViewController.swift in Sources */ = {isa = PBXBuildFile; fileRef = 02F1362B1C3308B700C8E00E /* ViewController.swift */; };
		02F1362F1C3308B700C8E00E /* Main.storyboard in Resources */ = {isa = PBXBuildFile; fileRef = 02F1362D1C3308B700C8E00E /* Main.storyboard */; };
		02F136311C3308B700C8E00E /* Assets.xcassets in Resources */ = {isa = PBXBuildFile; fileRef = 02F136301C3308B700C8E00E /* Assets.xcassets */; };
		02F136341C3308B700C8E00E /* LaunchScreen.storyboard in Resources */ = {isa = PBXBuildFile; fileRef = 02F136321C3308B700C8E00E /* LaunchScreen.storyboard */; };
/* End PBXBuildFile section */

/* Begin PBXFileReference section */
		02F136261C3308B700C8E00E /* TestTableViewController.app */ = {isa = PBXFileReference; explicitFileType = wrapper.application; includeInIndex = 0; path = TestTableViewController.app; sourceTree = BUILT_PRODUCTS_DIR; };
		02F136291C3308B700C8E00E /* AppDelegate.swift */ = {isa = PBXFileReference; lastKnownFileType = sourcecode.swift; path = AppDelegate.swift; sourceTree = "<group>"; };
		02F1362B1C3308B700C8E00E /* ViewController.swift */ = {isa = PBXFileReference; lastKnownFileType = sourcecode.swift; path = ViewController.swift; sourceTree = "<group>"; };
		02F1362E1C3308B700C8E00E /* Base */ = {isa = PBXFileReference; lastKnownFileType = file.storyboard; name = Base; path = Base.lproj/Main.storyboard; sourceTree = "<group>"; };
		02F136301C3308B700C8E00E /* Assets.xcassets */ = {isa = PBXFileReference; lastKnownFileType = folder.assetcatalog; path = Assets.xcassets; sourceTree = "<group>"; };
		02F136331C3308B700C8E00E /* Base */ = {isa = PBXFileReference; lastKnownFileType = file.storyboard; name = Base; path = Base.lproj/LaunchScreen.storyboard; sourceTree = "<group>"; };
		02F136351C3308B700C8E00E /* Info.plist */ = {isa = PBXFileReference; lastKnownFileType = text.plist.xml; path = Info.plist; sourceTree = "<group>"; };
/* End PBXFileReference section */

/* Begin PBXFrameworksBuildPhase section */
		02F136231C3308B700C8E00E /* Frameworks */ = {
			isa = PBXFrameworksBuildPhase;
			buildActionMask = 2147483647;
			files = (
			);
			runOnlyForDeploymentPostprocessing = 0;
		};
/* End PBXFrameworksBuildPhase section */

/* Begin PBXGroup section */
		02F1361D1C3308B700C8E00E = {
			isa = PBXGroup;
			children = (
				02F136281C3308B700C8E00E /* TestTableViewController */,
				02F136271C3308B700C8E00E /* Products */,
			);
			sourceTree = "<group>";
		};
		02F136271C3308B700C8E00E /* Products */ = {
			isa = PBXGroup;
			children = (
				02F136261C3308B700C8E00E /* TestTableViewController.app */,
			);
			name = Products;
			sourceTree = "<group>";
		};
		02F136281C3308B700C8E00E /* TestTableViewController */ = {
			isa = PBXGroup;
			children = (
				02F136291C3308B700C8E00E /* AppDelegate.swift */,
				02F1362B1C3308B700C8E00E /* ViewController.swift */,
				02F1362D1C3308B700C8E00E /* Main.storyboard */,
				02F136301C3308B700C8E00E /* Assets.xcassets */,
				02F136321C3308B700C8E00E /* LaunchScreen.storyboard */,
				02F136351C3308B700C8E00E /* Info.plist */,
			);
			path = TestTableViewController;
			sourceTree = "<group>";
		};
/* End PBXGroup section */

/* Begin PBXNativeTarget section */
		02F136251C3308B700C8E00E /* TestTableViewController */ = {
			isa = PBXNativeTarget;
			buildConfigurationList = 02F136381C3308B700C8E00E /* Build configuration list for PBXNativeTarget "TestTableViewController" */;
			buildPhases = (
				02F136221C3308B700C8E00E /* Sources */,
				02F136231C3308B700C8E00E /* Frameworks */,
				02F136241C3308B700C8E00E /* Resources */,
			);
			buildRules = (
			);
			dependencies = (
			);
			name = TestTableViewController;
			productName = TestTableViewController;
			productReference = 02F136261C3308B700C8E00E /* TestTableViewController.app */;
			productType = "com.apple.product-type.application";
		};
/* End PBXNativeTarget section */

/* Begin PBXProject section */
		02F1361E1C3308B700C8E00E /* Project object */ = {
			isa = PBXProject;
			attributes = {
				LastSwiftUpdateCheck = 0720;
				LastUpgradeCheck = 0720;
				ORGANIZATIONNAME = "Insecom - Markus Schmitt";
				TargetAttributes = {
					02F136251C3308B700C8E00E = {
						CreatedOnToolsVersion = 7.2;
					};
				};
			};
			buildConfigurationList = 02F136211C3308B700C8E00E /* Build configuration list for PBXProject "TestTableViewController" */;
			compatibilityVersion = "Xcode 3.2";
			developmentRegion = English;
			hasScannedForEncodings = 0;
			knownRegions = (
				en,
				Base,
			);
			mainGroup = 02F1361D1C3308B700C8E00E;
			productRefGroup = 02F136271C3308B700C8E00E /* Products */;
			projectDirPath = "";
			projectRoot = "";
			targets = (
				02F136251C3308B700C8E00E /* TestTableViewController */,
			);
		};
/* End PBXProject section */

/* Begin PBXResourcesBuildPhase section */
		02F136241C3308B700C8E00E /* Resources */ = {
			isa = PBXResourcesBuildPhase;
			buildActionMask = 2147483647;
			files = (
				02F136341C3308B700C8E00E /* LaunchScreen.storyboard in Resources */,
				02F136311C3308B700C8E00E /* Assets.xcassets in Resources */,
				02F1362F1C3308B700C8E00E /* Main.storyboard in Resources */,
			);
			runOnlyForDeploymentPostprocessing = 0;
		};
/* End PBXResourcesBuildPhase section */

/* Begin PBXSourcesBuildPhase section */
		02F136221C3308B700C8E00E /* Sources */ = {
			isa = PBXSourcesBuildPhase;
			buildActionMask = 2147483647;
			files = (
				02F1362C1C3308B700C8E00E /* ViewController.swift in Sources */,
				02F1362A1C3308B700C8E00E /* AppDelegate.swift in Sources */,
			);
			runOnlyForDeploymentPostprocessing = 0;
		};
/* End PBXSourcesBuildPhase section */

/* Begin PBXVariantGroup section */
		02F1362D1C3308B700C8E00E /* Main.storyboard */ = {
			isa = PBXVariantGroup;
			children = (
				02F1362E1C3308B700C8E00E /* Base */,
			);
			name = Main.storyboard;
			sourceTree = "<group>";
		};
		02F136321C3308B700C8E00E /* LaunchScreen.storyboard */ = {
			isa = PBXVariantGroup;
			children = (
				02F136331C3308B700C8E00E /* Base */,
			);
			name = LaunchScreen.storyboard;
			sourceTree = "<group>";
		};
/* End PBXVariantGroup section */

/* Begin XCBuildConfiguration section */
		02F136361C3308B700C8E00E /* Debug */ = {
			isa = XCBuildConfiguration;
			buildSettings = {
				ALWAYS_SEARCH_USER_PATHS = NO;
				CLANG_CXX_LANGUAGE_STANDARD = "gnu++0x";
				CLANG_CXX_LIBRARY = "libc++";
				CLANG_ENABLE_MODULES = YES;
				CLANG_ENABLE_OBJC_ARC = YES;
				CLANG_WARN_BOOL_CONVERSION = YES;
				CLANG_WARN_CONSTANT_CONVERSION = YES;
				CLANG_WARN_DIRECT_OBJC_ISA_USAGE = YES_ERROR;
				CLANG_WARN_EMPTY_BODY = YES;
				CLANG_WARN_ENUM_CONVERSION = YES;
				CLANG_WARN_INT_CONVERSION = YES;
				CLANG_WARN_OBJC_ROOT_CLASS = YES_ERROR;
				CLANG_WARN_UNREACHABLE_CODE = YES;
				CLANG_WARN__DUPLICATE_METHOD_MATCH = YES;
				"CODE_SIGN_IDENTITY[sdk=iphoneos*]" = "iPhone Developer";
				COPY_PHASE_STRIP = NO;
				DEBUG_INFORMATION_FORMAT = dwarf;
				ENABLE_STRICT_OBJC_MSGSEND = YES;
				ENABLE_TESTABILITY = YES;
				GCC_C_LANGUAGE_STANDARD = gnu99;
				GCC_DYNAMIC_NO_PIC = NO;
				GCC_NO_COMMON_BLOCKS = YES;
				GCC_OPTIMIZATION_LEVEL = 0;
				GCC_PREPROCESSOR_DEFINITIONS = (
					"DEBUG=1",
					"$(inherited)",
				);
				GCC_WARN_64_TO_32_BIT_CONVERSION = YES;
				GCC_WARN_ABOUT_RETURN_TYPE = YES_ERROR;
				GCC_WARN_UNDECLARED_SELECTOR = YES;
				GCC_WARN_UNINITIALIZED_AUTOS = YES_AGGRESSIVE;
				GCC_WARN_UNUSED_FUNCTION = YES;
				GCC_WARN_UNUSED_VARIABLE = YES;
				IPHONEOS_DEPLOYMENT_TARGET = 9.2;
				MTL_ENABLE_DEBUG_INFO = YES;
				ONLY_ACTIVE_ARCH = YES;
				SDKROOT = iphoneos;
				SWIFT_OPTIMIZATION_LEVEL = "-Onone";
			};
			name = Debug;
		};
		02F136371C3308B700C8E00E /* Release */ = {
			isa = XCBuildConfiguration;
			buildSettings = {
				ALWAYS_SEARCH_USER_PATHS = NO;
				CLANG_CXX_LANGUAGE_STANDARD = "gnu++0x";
				CLANG_CXX_LIBRARY = "libc++";
				CLANG_ENABLE_MODULES = YES;
				CLANG_ENABLE_OBJC_ARC = YES;
				CLANG_WARN_BOOL_CONVERSION = YES;
				CLANG_WARN_CONSTANT_CONVERSION = YES;
				CLANG_WARN_DIRECT_OBJC_ISA_USAGE = YES_ERROR;
				CLANG_WARN_EMPTY_BODY = YES;
				CLANG_WARN_ENUM_CONVERSION = YES;
				CLANG_WARN_INT_CONVERSION = YES;
				CLANG_WARN_OBJC_ROOT_CLASS = YES_ERROR;
				CLANG_WARN_UNREACHABLE_CODE = YES;
				CLANG_WARN__DUPLICATE_METHOD_MATCH = YES;
				"CODE_SIGN_IDENTITY[sdk=iphoneos*]" = "iPhone Developer";
				COPY_PHASE_STRIP = NO;
				DEBUG_INFORMATION_FORMAT = "dwarf-with-dsym";
				ENABLE_NS_ASSERTIONS = NO;
				ENABLE_STRICT_OBJC_MSGSEND = YES;
				GCC_C_LANGUAGE_STANDARD = gnu99;
				GCC_NO_COMMON_BLOCKS = YES;
				GCC_WARN_64_TO_32_BIT_CONVERSION = YES;
				GCC_WARN_ABOUT_RETURN_TYPE = YES_ERROR;
				GCC_WARN_UNDECLARED_SELECTOR = YES;
				GCC_WARN_UNINITIALIZED_AUTOS = YES_AGGRESSIVE;
				GCC_WARN_UNUSED_FUNCTION = YES;
				GCC_WARN_UNUSED_VARIABLE = YES;
				IPHONEOS_DEPLOYMENT_TARGET = 9.2;
				MTL_ENABLE_DEBUG_INFO = NO;
				SDKROOT = iphoneos;
				VALIDATE_PRODUCT = YES;
			};
			name = Release;
		};
		02F136391C3308B700C8E00E /* Debug */ = {
			isa = XCBuildConfiguration;
			buildSettings = {
				ASSETCATALOG_COMPILER_APPICON_NAME = AppIcon;
				INFOPLIST_FILE = TestTableViewController/Info.plist;
				LD_RUNPATH_SEARCH_PATHS = "$(inherited) @executable_path/Frameworks";
				PRODUCT_BUNDLE_IDENTIFIER = "de.insecom-mst.TestTableViewController";
				PRODUCT_NAME = "$(TARGET_NAME)";
			};
			name = Debug;
		};
		02F1363A1C3308B700C8E00E /* Release */ = {
			isa = XCBuildConfiguration;
			buildSettings = {
				ASSETCATALOG_COMPILER_APPICON_NAME = AppIcon;
				INFOPLIST_FILE = TestTableViewController/Info.plist;
				LD_RUNPATH_SEARCH_PATHS = "$(inherited) @executable_path/Frameworks";
				PRODUCT_BUNDLE_IDENTIFIER = "de.insecom-mst.TestTableViewController";
				PRODUCT_NAME = "$(TARGET_NAME)";
			};
			name = Release;
		};
/* End XCBuildConfiguration section */

/* Begin XCConfigurationList section */
		02F136211C3308B700C8E00E /* Build configuration list for PBXProject "TestTableViewController" */ = {
			isa = XCConfigurationList;
			buildConfigurations = (
				02F136361C3308B700C8E00E /* Debug */,
				02F136371C3308B700C8E00E /* Release */,
			);
			defaultConfigurationIsVisible = 0;
			defaultConfigurationName = Release;
		};
		02F136381C3308B700C8E00E /* Build configuration list for PBXNativeTarget "TestTableViewController" */ = {
			isa = XCConfigurationList;
			buildConfigurations = (
				02F136391C3308B700C8E00E /* Debug */,
				02F1363A1C3308B700C8E00E /* Release */,
			);
			defaultConfigurationIsVisible = 0;
		};
/* End XCConfigurationList section */
	};
	rootObject = 02F1361E1C3308B700C8E00E /* Project object */;
}
